{
  "object": {
    "pins": [
      {
        "package": "SwiftPriorityQueue",
        "repositoryURL": "https://github.com/davecom/SwiftPriorityQueue.git",
        "state": {
          "branch": null,
          "revision": "9e132c74cb337542ef05e99e0c2dbf345b6527a3",
          "version": "1.3.0"
        }
      }
    ]
  },
  "version": 1
}
